Microsoft Visual Studio Solution File, Format Version 12.00
# Visual Studio Version 17
VisualStudioVersion = 17.5.2.0
MinimumVisualStudioVersion = 10.0.40219.1
Project("{FAE04EC0-301F-11D3-BF4B-00C04F79EFBC}") = "MercExtraEffects", "MercExtraEffects\MercExtraEffects.csproj", "{BF349512-CE86-1B8F-C836-43F59AFC3C0F}"
EndProject
Global
	GlobalSection(SolutionConfigurationPlatforms) = preSolution
		Debug|Any CPU = Debug|Any CPU
		Release|Any CPU = Release|Any CPU
	EndGlobalSection
	GlobalSection(ProjectConfigurationPlatforms) = postSolution
		{BF349512-CE86-1B8F-C836-43F59AFC3C0F}.Debug|Any CPU.ActiveCfg = Debug|Any CPU
		{BF349512-CE86-1B8F-C836-43F59AFC3C0F}.Debug|Any CPU.Build.0 = Debug|Any CPU
		{BF349512-CE86-1B8F-C836-43F59AFC3C0F}.Release|Any CPU.ActiveCfg = Release|Any CPU
		{BF349512-CE86-1B8F-C836-43F59AFC3C0F}.Release|Any CPU.Build.0 = Release|Any CPU
	EndGlobalSection
	GlobalSection(SolutionProperties) = preSolution
		HideSolutionNode = FALSE
	EndGlobalSection
	GlobalSection(ExtensibilityGlobals) = postSolution
		SolutionGuid = {D870D517-7AE4-47DC-9185-6EDC20F6A441}
	EndGlobalSection
EndGlobal
